
Microsoft Visual Studio Solution File, Format Version 12.00
# Visual Studio Version 16
VisualStudioVersion = 16.0.33927.289
MinimumVisualStudioVersion = 10.0.40219.1
Project("{2150E333-8FDC-42A3-9474-1A3956D46DE8}") = "Task0", "Task0", "{5E049350-84B7-4B6F-9234-CA878194D788}"
EndProject
Project("{FAE04EC0-301F-11D3-BF4B-00C04F79EFBC}") = "Tyuiu.TitkovAA.Sprint4.Task0", "Tyuiu.TitkovAA.Sprint4.Task0\Tyuiu.TitkovAA.Sprint4.Task0.csproj", "{A442D7F7-B739-4A40-9C60-16C69F5017E1}"
EndProject
Project("{FAE04EC0-301F-11D3-BF4B-00C04F79EFBC}") = "Tyuiu.TitkovAA.Sprint4.Task0.Test", "Tyuiu.TitkovAA.Sprint4.Task0.Test\Tyuiu.TitkovAA.Sprint4.Task0.Test.csproj", "{4F2E03B1-C30C-4EAD-B3AE-6B3EB2714A95}"
EndProject
Project("{FAE04EC0-301F-11D3-BF4B-00C04F79EFBC}") = "Tyuiu.TitkovAA.Sprint4.Task0.Lib", "Tyuiu.TitkovAA.Sprint4.Task0.Lib\Tyuiu.TitkovAA.Sprint4.Task0.Lib.csproj", "{5B4F1296-F012-4976-B553-758548A85466}"
EndProject
Project("{2150E333-8FDC-42A3-9474-1A3956D46DE8}") = "Task1", "Task1", "{2D10D719-6D18-402F-B868-275F0BBE3BBB}"
EndProject
Project("{FAE04EC0-301F-11D3-BF4B-00C04F79EFBC}") = "Tyuiu.TitkovAA.Sprint4.Task1", "Tyuiu.TitkovAA.Sprint4.Task1\Tyuiu.TitkovAA.Sprint4.Task1.csproj", "{92A5BC36-7E78-4373-9233-A31940982F83}"
EndProject
Project("{FAE04EC0-301F-11D3-BF4B-00C04F79EFBC}") = "Tyuiu.TitkovAA.Sprint4.Task1.Test", "Tyuiu.TitkovAA.Sprint4.Task1.Test\Tyuiu.TitkovAA.Sprint4.Task1.Test.csproj", "{19071232-22CA-447B-A4F5-6A40DA84CD8E}"
EndProject
Project("{FAE04EC0-301F-11D3-BF4B-00C04F79EFBC}") = "Tyuiu.TitkovAA.Sprint4.Task1.Lib", "Tyuiu.TitkovAA.Sprint4.Task1.Lib\Tyuiu.TitkovAA.Sprint4.Task1.Lib.csproj", "{345D1E80-8FBB-4480-AEE1-6ED85C3F2221}"
EndProject
Project("{2150E333-8FDC-42A3-9474-1A3956D46DE8}") = "Task2", "Task2", "{13158B63-19B1-4FB5-91D3-9E0A17DDADAA}"
EndProject
Project("{FAE04EC0-301F-11D3-BF4B-00C04F79EFBC}") = "Tyuiu.TitkovAA.Sprint4.Task2", "Tyuiu.TitkovAA.Sprint4.Task2\Tyuiu.TitkovAA.Sprint4.Task2.csproj", "{7DC06D6E-8595-4C1E-8BD2-EF9B6C8CE454}"
EndProject
Project("{FAE04EC0-301F-11D3-BF4B-00C04F79EFBC}") = "Tyuiu.TitkovAA.Sprint4.Task2.Lib", "Tyuiu.TitkovAA.Sprint4.Task2.Lib\Tyuiu.TitkovAA.Sprint4.Task2.Lib.csproj", "{340CD74F-D44C-4BDB-BD30-7070347AB420}"
EndProject
Project("{FAE04EC0-301F-11D3-BF4B-00C04F79EFBC}") = "Tyuiu.TitkovAA.Sprint4.Task2.Test", "Tyuiu.TitkovAA.Sprint4.Task2.Test\Tyuiu.TitkovAA.Sprint4.Task2.Test.csproj", "{6C1AC95F-3B9A-4ED4-A8F9-E510E4A7FD06}"
EndProject
Project("{2150E333-8FDC-42A3-9474-1A3956D46DE8}") = "Task3", "Task3", "{F4E58ADE-24FE-43D4-AFB0-4C89BE2704F7}"
EndProject
Project("{FAE04EC0-301F-11D3-BF4B-00C04F79EFBC}") = "Tyuiu.TitkovAA.Sprint4.Task3", "Tyuiu.TitkovAA.Sprint4.Task3\Tyuiu.TitkovAA.Sprint4.Task3.csproj", "{7B6505E7-2B74-49F0-A9D4-A8C10F610B3A}"
EndProject
Project("{FAE04EC0-301F-11D3-BF4B-00C04F79EFBC}") = "Tyuiu.TitkovAA.Sprint4.Task3.Test", "Tyuiu.TitkovAA.Sprint4.Task3.Test\Tyuiu.TitkovAA.Sprint4.Task3.Test.csproj", "{36F33A4F-BEEB-4589-A2FD-73C2CE73670B}"
EndProject
Project("{FAE04EC0-301F-11D3-BF4B-00C04F79EFBC}") = "Tyuiu.TitkovAA.Sprint4.Task3.Lib", "Tyuiu.TitkovAA.Sprint4.Task3.Lib\Tyuiu.TitkovAA.Sprint4.Task3.Lib.csproj", "{AE4EBA22-1F26-4BE5-9AAA-3C73A0276B1F}"
EndProject
Project("{2150E333-8FDC-42A3-9474-1A3956D46DE8}") = "Task4", "Task4", "{E97707F2-C988-42F8-BC8E-5D4E52ADFC8A}"
EndProject
Project("{FAE04EC0-301F-11D3-BF4B-00C04F79EFBC}") = "Tyuiu.TitkovAA.Sprint4.Task4", "Tyuiu.TitkovAA.Sprint4.Task4\Tyuiu.TitkovAA.Sprint4.Task4.csproj", "{4759758D-68DE-4121-9BBE-5FC761F2ABDF}"
EndProject
Project("{FAE04EC0-301F-11D3-BF4B-00C04F79EFBC}") = "Tyuiu.TitkovAA.Sprint4.Task4.Lib", "Tyuiu.TitkovAA.Sprint4.Task4.Lib\Tyuiu.TitkovAA.Sprint4.Task4.Lib.csproj", "{7C87A5F3-3391-41DC-B94C-CAF444AB8425}"
EndProject
Project("{FAE04EC0-301F-11D3-BF4B-00C04F79EFBC}") = "Tyuiu.TitkovAA.Sprint4.Task4.Test", "Tyuiu.TitkovAA.Sprint4.Task4.Test\Tyuiu.TitkovAA.Sprint4.Task4.Test.csproj", "{C0B5BCEF-4732-4209-8D7D-0F68B319AF8A}"
EndProject
Project("{2150E333-8FDC-42A3-9474-1A3956D46DE8}") = "Task5", "Task5", "{FCAA2CB3-E376-45F9-AB94-563745986835}"
EndProject
Project("{FAE04EC0-301F-11D3-BF4B-00C04F79EFBC}") = "Tyuiu.TitkovAA.Sprint4.Task5", "Tyuiu.TitkovAA.Sprint4.Task5\Tyuiu.TitkovAA.Sprint4.Task5.csproj", "{5ECDB250-ED1F-45DF-949E-E98936F1FD23}"
EndProject
Project("{FAE04EC0-301F-11D3-BF4B-00C04F79EFBC}") = "Tyuiu.TitkovAA.Sprint4.Task5.Test", "Tyuiu.TitkovAA.Sprint4.Task5.Test\Tyuiu.TitkovAA.Sprint4.Task5.Test.csproj", "{6431DC85-EF8D-42BC-B1F8-1418E138DC69}"
EndProject
Project("{FAE04EC0-301F-11D3-BF4B-00C04F79EFBC}") = "Tyuiu.TitkovAA.Sprint4.Task5.Lib", "Tyuiu.TitkovAA.Sprint4.Task5.Lib\Tyuiu.TitkovAA.Sprint4.Task5.Lib.csproj", "{6EE56573-66B9-4416-8008-E99DD988DDCB}"
EndProject
Project("{2150E333-8FDC-42A3-9474-1A3956D46DE8}") = "Task6", "Task6", "{5EABB153-8FC2-4F2E-9CAA-4F40D71D54E8}"
EndProject
Project("{FAE04EC0-301F-11D3-BF4B-00C04F79EFBC}") = "Tyuiu.TitkovAA.Sprint4.Task6", "Tyuiu.TitkovAA.Sprint4.Task6\Tyuiu.TitkovAA.Sprint4.Task6.csproj", "{194A355D-02FF-4B09-BD81-76997B8AA53A}"
EndProject
Project("{FAE04EC0-301F-11D3-BF4B-00C04F79EFBC}") = "Tyuiu.TitkovAA.Sprint4.Task6.Lib", "Tyuiu.TitkovAA.Sprint4.Task6.Lib\Tyuiu.TitkovAA.Sprint4.Task6.Lib.csproj", "{4C7468CE-A685-441F-A120-E152C21318C0}"
EndProject
Project("{FAE04EC0-301F-11D3-BF4B-00C04F79EFBC}") = "Tyuiu.TitkovAA.Sprint4.Task6.Test", "Tyuiu.TitkovAA.Sprint4.Task6.Test\Tyuiu.TitkovAA.Sprint4.Task6.Test.csproj", "{FDB68274-1504-45F0-8357-5C6EA4DE5BA9}"
EndProject
Global
	GlobalSection(SolutionConfigurationPlatforms) = preSolution
		Debug|Any CPU = Debug|Any CPU
		Release|Any CPU = Release|Any CPU
	EndGlobalSection
	GlobalSection(ProjectConfigurationPlatforms) = postSolution
		{A442D7F7-B739-4A40-9C60-16C69F5017E1}.Debug|Any CPU.ActiveCfg = Debug|Any CPU
		{A442D7F7-B739-4A40-9C60-16C69F5017E1}.Debug|Any CPU.Build.0 = Debug|Any CPU
		{A442D7F7-B739-4A40-9C60-16C69F5017E1}.Release|Any CPU.ActiveCfg = Release|Any CPU
		{A442D7F7-B739-4A40-9C60-16C69F5017E1}.Release|Any CPU.Build.0 = Release|Any CPU
		{4F2E03B1-C30C-4EAD-B3AE-6B3EB2714A95}.Debug|Any CPU.ActiveCfg = Debug|Any CPU
		{4F2E03B1-C30C-4EAD-B3AE-6B3EB2714A95}.Debug|Any CPU.Build.0 = Debug|Any CPU
		{4F2E03B1-C30C-4EAD-B3AE-6B3EB2714A95}.Release|Any CPU.ActiveCfg = Release|Any CPU
		{4F2E03B1-C30C-4EAD-B3AE-6B3EB2714A95}.Release|Any CPU.Build.0 = Release|Any CPU
		{5B4F1296-F012-4976-B553-758548A85466}.Debug|Any CPU.ActiveCfg = Debug|Any CPU
		{5B4F1296-F012-4976-B553-758548A85466}.Debug|Any CPU.Build.0 = Debug|Any CPU
		{5B4F1296-F012-4976-B553-758548A85466}.Release|Any CPU.ActiveCfg = Release|Any CPU
		{5B4F1296-F012-4976-B553-758548A85466}.Release|Any CPU.Build.0 = Release|Any CPU
		{92A5BC36-7E78-4373-9233-A31940982F83}.Debug|Any CPU.ActiveCfg = Debug|Any CPU
		{92A5BC36-7E78-4373-9233-A31940982F83}.Debug|Any CPU.Build.0 = Debug|Any CPU
		{92A5BC36-7E78-4373-9233-A31940982F83}.Release|Any CPU.ActiveCfg = Release|Any CPU
		{92A5BC36-7E78-4373-9233-A31940982F83}.Release|Any CPU.Build.0 = Release|Any CPU
		{19071232-22CA-447B-A4F5-6A40DA84CD8E}.Debug|Any CPU.ActiveCfg = Debug|Any CPU
		{19071232-22CA-447B-A4F5-6A40DA84CD8E}.Debug|Any CPU.Build.0 = Debug|Any CPU
		{19071232-22CA-447B-A4F5-6A40DA84CD8E}.Release|Any CPU.ActiveCfg = Release|Any CPU
		{19071232-22CA-447B-A4F5-6A40DA84CD8E}.Release|Any CPU.Build.0 = Release|Any CPU
		{345D1E80-8FBB-4480-AEE1-6ED85C3F2221}.Debug|Any CPU.ActiveCfg = Debug|Any CPU
		{345D1E80-8FBB-4480-AEE1-6ED85C3F2221}.Debug|Any CPU.Build.0 = Debug|Any CPU
		{345D1E80-8FBB-4480-AEE1-6ED85C3F2221}.Release|Any CPU.ActiveCfg = Release|Any CPU
		{345D1E80-8FBB-4480-AEE1-6ED85C3F2221}.Release|Any CPU.Build.0 = Release|Any CPU
		{7DC06D6E-8595-4C1E-8BD2-EF9B6C8CE454}.Debug|Any CPU.ActiveCfg = Debug|Any CPU
		{7DC06D6E-8595-4C1E-8BD2-EF9B6C8CE454}.Debug|Any CPU.Build.0 = Debug|Any CPU
		{7DC06D6E-8595-4C1E-8BD2-EF9B6C8CE454}.Release|Any CPU.ActiveCfg = Release|Any CPU
		{7DC06D6E-8595-4C1E-8BD2-EF9B6C8CE454}.Release|Any CPU.Build.0 = Release|Any CPU
		{340CD74F-D44C-4BDB-BD30-7070347AB420}.Debug|Any CPU.ActiveCfg = Debug|Any CPU
		{340CD74F-D44C-4BDB-BD30-7070347AB420}.Debug|Any CPU.Build.0 = Debug|Any CPU
		{340CD74F-D44C-4BDB-BD30-7070347AB420}.Release|Any CPU.ActiveCfg = Release|Any CPU
		{340CD74F-D44C-4BDB-BD30-7070347AB420}.Release|Any CPU.Build.0 = Release|Any CPU
		{6C1AC95F-3B9A-4ED4-A8F9-E510E4A7FD06}.Debug|Any CPU.ActiveCfg = Debug|Any CPU
		{6C1AC95F-3B9A-4ED4-A8F9-E510E4A7FD06}.Debug|Any CPU.Build.0 = Debug|Any CPU
		{6C1AC95F-3B9A-4ED4-A8F9-E510E4A7FD06}.Release|Any CPU.ActiveCfg = Release|Any CPU
		{6C1AC95F-3B9A-4ED4-A8F9-E510E4A7FD06}.Release|Any CPU.Build.0 = Release|Any CPU
		{7B6505E7-2B74-49F0-A9D4-A8C10F610B3A}.Debug|Any CPU.ActiveCfg = Debug|Any CPU
		{7B6505E7-2B74-49F0-A9D4-A8C10F610B3A}.Debug|Any CPU.Build.0 = Debug|Any CPU
		{7B6505E7-2B74-49F0-A9D4-A8C10F610B3A}.Release|Any CPU.ActiveCfg = Release|Any CPU
		{7B6505E7-2B74-49F0-A9D4-A8C10F610B3A}.Release|Any CPU.Build.0 = Release|Any CPU
		{36F33A4F-BEEB-4589-A2FD-73C2CE73670B}.Debug|Any CPU.ActiveCfg = Debug|Any CPU
		{36F33A4F-BEEB-4589-A2FD-73C2CE73670B}.Debug|Any CPU.Build.0 = Debug|Any CPU
		{36F33A4F-BEEB-4589-A2FD-73C2CE73670B}.Release|Any CPU.ActiveCfg = Release|Any CPU
		{36F33A4F-BEEB-4589-A2FD-73C2CE73670B}.Release|Any CPU.Build.0 = Release|Any CPU
		{AE4EBA22-1F26-4BE5-9AAA-3C73A0276B1F}.Debug|Any CPU.ActiveCfg = Debug|Any CPU
		{AE4EBA22-1F26-4BE5-9AAA-3C73A0276B1F}.Debug|Any CPU.Build.0 = Debug|Any CPU
		{AE4EBA22-1F26-4BE5-9AAA-3C73A0276B1F}.Release|Any CPU.ActiveCfg = Release|Any CPU
		{AE4EBA22-1F26-4BE5-9AAA-3C73A0276B1F}.Release|Any CPU.Build.0 = Release|Any CPU
		{4759758D-68DE-4121-9BBE-5FC761F2ABDF}.Debug|Any CPU.ActiveCfg = Debug|Any CPU
		{4759758D-68DE-4121-9BBE-5FC761F2ABDF}.Debug|Any CPU.Build.0 = Debug|Any CPU
		{4759758D-68DE-4121-9BBE-5FC761F2ABDF}.Release|Any CPU.ActiveCfg = Release|Any CPU
		{4759758D-68DE-4121-9BBE-5FC761F2ABDF}.Release|Any CPU.Build.0 = Release|Any CPU
		{7C87A5F3-3391-41DC-B94C-CAF444AB8425}.Debug|Any CPU.ActiveCfg = Debug|Any CPU
		{7C87A5F3-3391-41DC-B94C-CAF444AB8425}.Debug|Any CPU.Build.0 = Debug|Any CPU
		{7C87A5F3-3391-41DC-B94C-CAF444AB8425}.Release|Any CPU.ActiveCfg = Release|Any CPU
		{7C87A5F3-3391-41DC-B94C-CAF444AB8425}.Release|Any CPU.Build.0 = Release|Any CPU
		{C0B5BCEF-4732-4209-8D7D-0F68B319AF8A}.Debug|Any CPU.ActiveCfg = Debug|Any CPU
		{C0B5BCEF-4732-4209-8D7D-0F68B319AF8A}.Debug|Any CPU.Build.0 = Debug|Any CPU
		{C0B5BCEF-4732-4209-8D7D-0F68B319AF8A}.Release|Any CPU.ActiveCfg = Release|Any CPU
		{C0B5BCEF-4732-4209-8D7D-0F68B319AF8A}.Release|Any CPU.Build.0 = Release|Any CPU
		{5ECDB250-ED1F-45DF-949E-E98936F1FD23}.Debug|Any CPU.ActiveCfg = Debug|Any CPU
		{5ECDB250-ED1F-45DF-949E-E98936F1FD23}.Debug|Any CPU.Build.0 = Debug|Any CPU
		{5ECDB250-ED1F-45DF-949E-E98936F1FD23}.Release|Any CPU.ActiveCfg = Release|Any CPU
		{5ECDB250-ED1F-45DF-949E-E98936F1FD23}.Release|Any CPU.Build.0 = Release|Any CPU
		{6431DC85-EF8D-42BC-B1F8-1418E138DC69}.Debug|Any CPU.ActiveCfg = Debug|Any CPU
		{6431DC85-EF8D-42BC-B1F8-1418E138DC69}.Debug|Any CPU.Build.0 = Debug|Any CPU
		{6431DC85-EF8D-42BC-B1F8-1418E138DC69}.Release|Any CPU.ActiveCfg = Release|Any CPU
		{6431DC85-EF8D-42BC-B1F8-1418E138DC69}.Release|Any CPU.Build.0 = Release|Any CPU
		{6EE56573-66B9-4416-8008-E99DD988DDCB}.Debug|Any CPU.ActiveCfg = Debug|Any CPU
		{6EE56573-66B9-4416-8008-E99DD988DDCB}.Debug|Any CPU.Build.0 = Debug|Any CPU
		{6EE56573-66B9-4416-8008-E99DD988DDCB}.Release|Any CPU.ActiveCfg = Release|Any CPU
		{6EE56573-66B9-4416-8008-E99DD988DDCB}.Release|Any CPU.Build.0 = Release|Any CPU
		{194A355D-02FF-4B09-BD81-76997B8AA53A}.Debug|Any CPU.ActiveCfg = Debug|Any CPU
		{194A355D-02FF-4B09-BD81-76997B8AA53A}.Debug|Any CPU.Build.0 = Debug|Any CPU
		{194A355D-02FF-4B09-BD81-76997B8AA53A}.Release|Any CPU.ActiveCfg = Release|Any CPU
		{194A355D-02FF-4B09-BD81-76997B8AA53A}.Release|Any CPU.Build.0 = Release|Any CPU
		{4C7468CE-A685-441F-A120-E152C21318C0}.Debug|Any CPU.ActiveCfg = Debug|Any CPU
		{4C7468CE-A685-441F-A120-E152C21318C0}.Debug|Any CPU.Build.0 = Debug|Any CPU
		{4C7468CE-A685-441F-A120-E152C21318C0}.Release|Any CPU.ActiveCfg = Release|Any CPU
		{4C7468CE-A685-441F-A120-E152C21318C0}.Release|Any CPU.Build.0 = Release|Any CPU
		{FDB68274-1504-45F0-8357-5C6EA4DE5BA9}.Debug|Any CPU.ActiveCfg = Debug|Any CPU
		{FDB68274-1504-45F0-8357-5C6EA4DE5BA9}.Debug|Any CPU.Build.0 = Debug|Any CPU
		{FDB68274-1504-45F0-8357-5C6EA4DE5BA9}.Release|Any CPU.ActiveCfg = Release|Any CPU
		{FDB68274-1504-45F0-8357-5C6EA4DE5BA9}.Release|Any CPU.Build.0 = Release|Any CPU
	EndGlobalSection
	GlobalSection(SolutionProperties) = preSolution
		HideSolutionNode = FALSE
	EndGlobalSection
	GlobalSection(NestedProjects) = preSolution
		{A442D7F7-B739-4A40-9C60-16C69F5017E1} = {5E049350-84B7-4B6F-9234-CA878194D788}
		{4F2E03B1-C30C-4EAD-B3AE-6B3EB2714A95} = {5E049350-84B7-4B6F-9234-CA878194D788}
		{5B4F1296-F012-4976-B553-758548A85466} = {5E049350-84B7-4B6F-9234-CA878194D788}
		{92A5BC36-7E78-4373-9233-A31940982F83} = {2D10D719-6D18-402F-B868-275F0BBE3BBB}
		{19071232-22CA-447B-A4F5-6A40DA84CD8E} = {2D10D719-6D18-402F-B868-275F0BBE3BBB}
		{345D1E80-8FBB-4480-AEE1-6ED85C3F2221} = {2D10D719-6D18-402F-B868-275F0BBE3BBB}
		{7DC06D6E-8595-4C1E-8BD2-EF9B6C8CE454} = {13158B63-19B1-4FB5-91D3-9E0A17DDADAA}
		{340CD74F-D44C-4BDB-BD30-7070347AB420} = {13158B63-19B1-4FB5-91D3-9E0A17DDADAA}
		{6C1AC95F-3B9A-4ED4-A8F9-E510E4A7FD06} = {13158B63-19B1-4FB5-91D3-9E0A17DDADAA}
		{7B6505E7-2B74-49F0-A9D4-A8C10F610B3A} = {F4E58ADE-24FE-43D4-AFB0-4C89BE2704F7}
		{36F33A4F-BEEB-4589-A2FD-73C2CE73670B} = {F4E58ADE-24FE-43D4-AFB0-4C89BE2704F7}
		{AE4EBA22-1F26-4BE5-9AAA-3C73A0276B1F} = {F4E58ADE-24FE-43D4-AFB0-4C89BE2704F7}
		{4759758D-68DE-4121-9BBE-5FC761F2ABDF} = {E97707F2-C988-42F8-BC8E-5D4E52ADFC8A}
		{7C87A5F3-3391-41DC-B94C-CAF444AB8425} = {E97707F2-C988-42F8-BC8E-5D4E52ADFC8A}
		{C0B5BCEF-4732-4209-8D7D-0F68B319AF8A} = {E97707F2-C988-42F8-BC8E-5D4E52ADFC8A}
		{5ECDB250-ED1F-45DF-949E-E98936F1FD23} = {FCAA2CB3-E376-45F9-AB94-563745986835}
		{6431DC85-EF8D-42BC-B1F8-1418E138DC69} = {FCAA2CB3-E376-45F9-AB94-563745986835}
		{6EE56573-66B9-4416-8008-E99DD988DDCB} = {FCAA2CB3-E376-45F9-AB94-563745986835}
		{194A355D-02FF-4B09-BD81-76997B8AA53A} = {5EABB153-8FC2-4F2E-9CAA-4F40D71D54E8}
		{4C7468CE-A685-441F-A120-E152C21318C0} = {5EABB153-8FC2-4F2E-9CAA-4F40D71D54E8}
		{FDB68274-1504-45F0-8357-5C6EA4DE5BA9} = {5EABB153-8FC2-4F2E-9CAA-4F40D71D54E8}
	EndGlobalSection
	GlobalSection(ExtensibilityGlobals) = postSolution
		SolutionGuid = {001DCE27-F7AD-4F0E-BA1E-29E576F9DBBC}
	EndGlobalSection
EndGlobal
